# THIS IS AN AUTOGENERATED FILE. DO NOT EDIT THIS FILE DIRECTLY.
# yarn lockfile v1


seaport-types@^0.0.1:
  version "0.0.1"
  resolved "https://registry.yarnpkg.com/seaport-types/-/seaport-types-0.0.1.tgz#e2a32fe8641853d7dadb1b0232d911d88ccc3f1a"
  integrity sha512-m7MLa7sq3YPwojxXiVvoX1PM9iNVtQIn7AdEtBnKTwgxPfGRWUlbs/oMgetpjT/ZYTmv3X5/BghOcstWYvKqRA==
